
Microsoft Visual Studio Solution File, Format Version 12.00
# Visual Studio Version 17
VisualStudioVersion = 17.10.35122.118
MinimumVisualStudioVersion = 10.0.40219.1
Project("{2150E333-8FDC-42A3-9474-1A3956D46DE8}") = "API", "API", "{203C5258-94CA-4D01-A114-3E35F2B085AE}"
EndProject
Project("{2150E333-8FDC-42A3-9474-1A3956D46DE8}") = "Core", "Core", "{191C4184-4B4F-44C6-9E0F-66650956BE5A}"
EndProject
Project("{2150E333-8FDC-42A3-9474-1A3956D46DE8}") = "Infrastructure", "Infrastructure", "{351AB024-9624-4065-866E-83A4D4E1CCF8}"
EndProject
Project("{9A19103F-16F7-4668-BE54-9A1E7A4F7556}") = "IDonEnglist.Domain", "IDonEnglist.Domain\IDonEnglist.Domain.csproj", "{2D3251D5-5C92-4C12-87CD-D04F34294D6B}"
EndProject
Project("{9A19103F-16F7-4668-BE54-9A1E7A4F7556}") = "IDonEnglist.Application", "IDonEnglist.Application\IDonEnglist.Application.csproj", "{53410EDC-2788-47DB-86DC-0EC8DF4BC2D5}"
EndProject
Project("{9A19103F-16F7-4668-BE54-9A1E7A4F7556}") = "IDonEnglist.Infrastructure", "IDonEnglist.Infrastructure\IDonEnglist.Infrastructure.csproj", "{BF1A3CF1-3CDB-45F8-8C79-0785FAA24ABF}"
EndProject
Project("{9A19103F-16F7-4668-BE54-9A1E7A4F7556}") = "IDonEnglist.Persistence", "IDonEnglist.Persistence\IDonEnglist.Persistence.csproj", "{C92FC3BB-6CE8-472C-BE15-A9A381FF1AA4}"
EndProject
Project("{FAE04EC0-301F-11D3-BF4B-00C04F79EFBC}") = "IDonEnglist.API", "IDontEnglist.API\IDonEnglist.API.csproj", "{F9FEA961-F3F4-406B-9244-6DE6F00B7096}"
EndProject
Global
	GlobalSection(SolutionConfigurationPlatforms) = preSolution
		Debug|Any CPU = Debug|Any CPU
		Release|Any CPU = Release|Any CPU
	EndGlobalSection
	GlobalSection(ProjectConfigurationPlatforms) = postSolution
		{2D3251D5-5C92-4C12-87CD-D04F34294D6B}.Debug|Any CPU.ActiveCfg = Debug|Any CPU
		{2D3251D5-5C92-4C12-87CD-D04F34294D6B}.Debug|Any CPU.Build.0 = Debug|Any CPU
		{2D3251D5-5C92-4C12-87CD-D04F34294D6B}.Release|Any CPU.ActiveCfg = Release|Any CPU
		{2D3251D5-5C92-4C12-87CD-D04F34294D6B}.Release|Any CPU.Build.0 = Release|Any CPU
		{53410EDC-2788-47DB-86DC-0EC8DF4BC2D5}.Debug|Any CPU.ActiveCfg = Debug|Any CPU
		{53410EDC-2788-47DB-86DC-0EC8DF4BC2D5}.Debug|Any CPU.Build.0 = Debug|Any CPU
		{53410EDC-2788-47DB-86DC-0EC8DF4BC2D5}.Release|Any CPU.ActiveCfg = Release|Any CPU
		{53410EDC-2788-47DB-86DC-0EC8DF4BC2D5}.Release|Any CPU.Build.0 = Release|Any CPU
		{BF1A3CF1-3CDB-45F8-8C79-0785FAA24ABF}.Debug|Any CPU.ActiveCfg = Debug|Any CPU
		{BF1A3CF1-3CDB-45F8-8C79-0785FAA24ABF}.Debug|Any CPU.Build.0 = Debug|Any CPU
		{BF1A3CF1-3CDB-45F8-8C79-0785FAA24ABF}.Release|Any CPU.ActiveCfg = Release|Any CPU
		{BF1A3CF1-3CDB-45F8-8C79-0785FAA24ABF}.Release|Any CPU.Build.0 = Release|Any CPU
		{C92FC3BB-6CE8-472C-BE15-A9A381FF1AA4}.Debug|Any CPU.ActiveCfg = Debug|Any CPU
		{C92FC3BB-6CE8-472C-BE15-A9A381FF1AA4}.Debug|Any CPU.Build.0 = Debug|Any CPU
		{C92FC3BB-6CE8-472C-BE15-A9A381FF1AA4}.Release|Any CPU.ActiveCfg = Release|Any CPU
		{C92FC3BB-6CE8-472C-BE15-A9A381FF1AA4}.Release|Any CPU.Build.0 = Release|Any CPU
		{F9FEA961-F3F4-406B-9244-6DE6F00B7096}.Debug|Any CPU.ActiveCfg = Debug|Any CPU
		{F9FEA961-F3F4-406B-9244-6DE6F00B7096}.Debug|Any CPU.Build.0 = Debug|Any CPU
		{F9FEA961-F3F4-406B-9244-6DE6F00B7096}.Release|Any CPU.ActiveCfg = Release|Any CPU
		{F9FEA961-F3F4-406B-9244-6DE6F00B7096}.Release|Any CPU.Build.0 = Release|Any CPU
	EndGlobalSection
	GlobalSection(SolutionProperties) = preSolution
		HideSolutionNode = FALSE
	EndGlobalSection
	GlobalSection(NestedProjects) = preSolution
		{2D3251D5-5C92-4C12-87CD-D04F34294D6B} = {191C4184-4B4F-44C6-9E0F-66650956BE5A}
		{53410EDC-2788-47DB-86DC-0EC8DF4BC2D5} = {191C4184-4B4F-44C6-9E0F-66650956BE5A}
		{BF1A3CF1-3CDB-45F8-8C79-0785FAA24ABF} = {351AB024-9624-4065-866E-83A4D4E1CCF8}
		{C92FC3BB-6CE8-472C-BE15-A9A381FF1AA4} = {351AB024-9624-4065-866E-83A4D4E1CCF8}
		{F9FEA961-F3F4-406B-9244-6DE6F00B7096} = {203C5258-94CA-4D01-A114-3E35F2B085AE}
	EndGlobalSection
	GlobalSection(ExtensibilityGlobals) = postSolution
		SolutionGuid = {94F0880E-8FF6-41BA-8405-0266C6009DB4}
	EndGlobalSection
EndGlobal
